// !$*UTF8*$!
{
	archiveVersion = 1;
	classes = {
	};
	objectVersion = 45;
	objects = {

/* Begin PBXBuildFile section */
		1D3623260D0F684500981E51 /* TestAppDelegate.m in Sources */ = {isa = PBXBuildFile; fileRef = 1D3623250D0F684500981E51 /* TestAppDelegate.m */; };
		1D60589B0D05DD56006BFB54 /* main.m in Sources */ = {isa = PBXBuildFile; fileRef = 29B97316FDCFA39411CA2CEA /* main.m */; };
		1D60589F0D05DD5A006BFB54 /* Foundation.framework in Frameworks */ = {isa = PBXBuildFile; fileRef = 1D30AB110D05D00D00671497 /* Foundation.framework */; };
		1DF5F4E00D08C38300B7A737 /* UIKit.framework in Frameworks */ = {isa = PBXBuildFile; fileRef = 1DF5F4DF0D08C38300B7A737 /* UIKit.framework */; };
		288765A50DF7441C002DB57D /* CoreGraphics.framework in Frameworks */ = {isa = PBXBuildFile; fileRef = 288765A40DF7441C002DB57D /* CoreGraphics.framework */; };
		2899E5220DE3E06400AC0155 /* PhotoAppLinkTestAppViewController.xib in Resources */ = {isa = PBXBuildFile; fileRef = 2899E5210DE3E06400AC0155 /* PhotoAppLinkTestAppViewController.xib */; };
		28AD733F0D9D9553002E5188 /* MainWindow.xib in Resources */ = {isa = PBXBuildFile; fileRef = 28AD733E0D9D9553002E5188 /* MainWindow.xib */; };
		28D7ACF80DDB3853001CB0EB /* TestAppRootViewController.m in Sources */ = {isa = PBXBuildFile; fileRef = 28D7ACF70DDB3853001CB0EB /* TestAppRootViewController.m */; };
		B1B8051613936FBE00960283 /* PAL_brushed_metal.png in Resources */ = {isa = PBXBuildFile; fileRef = B1B8050313936FBE00960283 /* PAL_brushed_metal.png */; };
		B1B8051713936FBE00960283 /* PAL_button_background.png in Resources */ = {isa = PBXBuildFile; fileRef = B1B8050413936FBE00960283 /* PAL_button_background.png */; };
		B1B8051813936FBE00960283 /* PAL_scrollview_background.png in Resources */ = {isa = PBXBuildFile; fileRef = B1B8050513936FBE00960283 /* PAL_scrollview_background.png */; };
		B1B8051913936FBE00960283 /* PAL_scrollview_background@2x.png in Resources */ = {isa = PBXBuildFile; fileRef = B1B8050613936FBE00960283 /* PAL_scrollview_background@2x.png */; };
		B1B8051A13936FBE00960283 /* PAL_tablecell_background.png in Resources */ = {isa = PBXBuildFile; fileRef = B1B8050713936FBE00960283 /* PAL_tablecell_background.png */; };
		B1B8051B13936FBE00960283 /* PAL_tableview_shadow.png in Resources */ = {isa = PBXBuildFile; fileRef = B1B8050813936FBE00960283 /* PAL_tableview_shadow.png */; };
		B1B8051C13936FBE00960283 /* PAL_unknown_app_icon.png in Resources */ = {isa = PBXBuildFile; fileRef = B1B8050913936FBE00960283 /* PAL_unknown_app_icon.png */; };
		B1B8051D13936FBE00960283 /* PAL_unknown_app_icon@2x.png in Resources */ = {isa = PBXBuildFile; fileRef = B1B8050A13936FBE00960283 /* PAL_unknown_app_icon@2x.png */; };
		B1B8051E13936FBE00960283 /* PALAppInfo.m in Sources */ = {isa = PBXBuildFile; fileRef = B1B8050C13936FBE00960283 /* PALAppInfo.m */; };
		B1B8051F13936FBE00960283 /* PALManager.m in Sources */ = {isa = PBXBuildFile; fileRef = B1B8050E13936FBE00960283 /* PALManager.m */; };
		B1B8052013936FBE00960283 /* PALMoreAppsController.m in Sources */ = {isa = PBXBuildFile; fileRef = B1B8051013936FBE00960283 /* PALMoreAppsController.m */; };
		B1B8052113936FBE00960283 /* PALMoreAppsTableCellView.m in Sources */ = {isa = PBXBuildFile; fileRef = B1B8051213936FBE00960283 /* PALMoreAppsTableCellView.m */; };
		B1B8052213936FBE00960283 /* PALSendToController.m in Sources */ = {isa = PBXBuildFile; fileRef = B1B8051413936FBE00960283 /* PALSendToController.m */; };
		B1B8052313936FBE00960283 /* PALSendToController.xib in Resources */ = {isa = PBXBuildFile; fileRef = B1B8051513936FBE00960283 /* PALSendToController.xib */; };
		B1FB990310AAA32A00C56AE2 /* TestImage.png in Resources */ = {isa = PBXBuildFile; fileRef = B1FB990210AAA32A00C56AE2 /* TestImage.png */; };
/* End PBXBuildFile section */

/* Begin PBXFileReference section */
		1D30AB110D05D00D00671497 /* Foundation.framework */ = {isa = PBXFileReference; lastKnownFileType = wrapper.framework; name = Foundation.framework; path = System/Library/Frameworks/Foundation.framework; sourceTree = SDKROOT; };
		1D3623240D0F684500981E51 /* TestAppDelegate.h */ = {isa = PBXFileReference; fileEncoding = 4; lastKnownFileType = sourcecode.c.h; path = TestAppDelegate.h; sourceTree = "<group>"; };
		1D3623250D0F684500981E51 /* TestAppDelegate.m */ = {isa = PBXFileReference; fileEncoding = 4; lastKnownFileType = sourcecode.c.objc; path = TestAppDelegate.m; sourceTree = "<group>"; };
		1D6058910D05DD3D006BFB54 /* PhotoAppLinkTestApp.app */ = {isa = PBXFileReference; explicitFileType = wrapper.application; includeInIndex = 0; path = PhotoAppLinkTestApp.app; sourceTree = BUILT_PRODUCTS_DIR; };
		1DF5F4DF0D08C38300B7A737 /* UIKit.framework */ = {isa = PBXFileReference; lastKnownFileType = wrapper.framework; name = UIKit.framework; path = System/Library/Frameworks/UIKit.framework; sourceTree = SDKROOT; };
		288765A40DF7441C002DB57D /* CoreGraphics.framework */ = {isa = PBXFileReference; lastKnownFileType = wrapper.framework; name = CoreGraphics.framework; path = System/Library/Frameworks/CoreGraphics.framework; sourceTree = SDKROOT; };
		2899E5210DE3E06400AC0155 /* PhotoAppLinkTestAppViewController.xib */ = {isa = PBXFileReference; lastKnownFileType = file.xib; path = PhotoAppLinkTestAppViewController.xib; sourceTree = "<group>"; };
		28AD733E0D9D9553002E5188 /* MainWindow.xib */ = {isa = PBXFileReference; lastKnownFileType = file.xib; path = MainWindow.xib; sourceTree = "<group>"; };
		28D7ACF60DDB3853001CB0EB /* TestAppRootViewController.h */ = {isa = PBXFileReference; fileEncoding = 4; lastKnownFileType = sourcecode.c.h; path = TestAppRootViewController.h; sourceTree = "<group>"; };
		28D7ACF70DDB3853001CB0EB /* TestAppRootViewController.m */ = {isa = PBXFileReference; fileEncoding = 4; lastKnownFileType = sourcecode.c.objc; path = TestAppRootViewController.m; sourceTree = "<group>"; };
		29B97316FDCFA39411CA2CEA /* main.m */ = {isa = PBXFileReference; fileEncoding = 4; lastKnownFileType = sourcecode.c.objc; path = main.m; sourceTree = "<group>"; };
		32CA4F630368D1EE00C91783 /* PhotoAppLinkTestApp_Prefix.pch */ = {isa = PBXFileReference; fileEncoding = 4; lastKnownFileType = sourcecode.c.h; path = PhotoAppLinkTestApp_Prefix.pch; sourceTree = "<group>"; };
		8D1107310486CEB800E47090 /* PhotoAppLinkTestApp-Info.plist */ = {isa = PBXFileReference; fileEncoding = 4; lastKnownFileType = text.plist.xml; path = "PhotoAppLinkTestApp-Info.plist"; plistStructureDefinitionIdentifier = "com.apple.xcode.plist.structure-definition.iphone.info-plist"; sourceTree = "<group>"; };
		B1B8050313936FBE00960283 /* PAL_brushed_metal.png */ = {isa = PBXFileReference; lastKnownFileType = image.png; path = PAL_brushed_metal.png; sourceTree = "<group>"; };
		B1B8050413936FBE00960283 /* PAL_button_background.png */ = {isa = PBXFileReference; lastKnownFileType = image.png; path = PAL_button_background.png; sourceTree = "<group>"; };
		B1B8050513936FBE00960283 /* PAL_scrollview_background.png */ = {isa = PBXFileReference; lastKnownFileType = image.png; path = PAL_scrollview_background.png; sourceTree = "<group>"; };
		B1B8050613936FBE00960283 /* PAL_scrollview_background@2x.png */ = {isa = PBXFileReference; lastKnownFileType = image.png; path = "PAL_scrollview_background@2x.png"; sourceTree = "<group>"; };
		B1B8050713936FBE00960283 /* PAL_tablecell_background.png */ = {isa = PBXFileReference; lastKnownFileType = image.png; path = PAL_tablecell_background.png; sourceTree = "<group>"; };
		B1B8050813936FBE00960283 /* PAL_tableview_shadow.png */ = {isa = PBXFileReference; lastKnownFileType = image.png; path = PAL_tableview_shadow.png; sourceTree = "<group>"; };
		B1B8050913936FBE00960283 /* PAL_unknown_app_icon.png */ = {isa = PBXFileReference; lastKnownFileType = image.png; path = PAL_unknown_app_icon.png; sourceTree = "<group>"; };
		B1B8050A13936FBE00960283 /* PAL_unknown_app_icon@2x.png */ = {isa = PBXFileReference; lastKnownFileType = image.png; path = "PAL_unknown_app_icon@2x.png"; sourceTree = "<group>"; };
		B1B8050B13936FBE00960283 /* PALAppInfo.h */ = {isa = PBXFileReference; fileEncoding = 4; lastKnownFileType = sourcecode.c.h; lineEnding = 0; path = PALAppInfo.h; sourceTree = "<group>"; xcLanguageSpecificationIdentifier = xcode.lang.objcpp; };
		B1B8050C13936FBE00960283 /* PALAppInfo.m */ = {isa = PBXFileReference; fileEncoding = 4; lastKnownFileType = sourcecode.c.objc; lineEnding = 0; path = PALAppInfo.m; sourceTree = "<group>"; xcLanguageSpecificationIdentifier = xcode.lang.objc; };
		B1B8050D13936FBE00960283 /* PALManager.h */ = {isa = PBXFileReference; fileEncoding = 4; lastKnownFileType = sourcecode.c.h; lineEnding = 0; path = PALManager.h; sourceTree = "<group>"; xcLanguageSpecificationIdentifier = xcode.lang.objcpp; };
		B1B8050E13936FBE00960283 /* PALManager.m */ = {isa = PBXFileReference; fileEncoding = 4; lastKnownFileType = sourcecode.c.objc; lineEnding = 0; path = PALManager.m; sourceTree = "<group>"; xcLanguageSpecificationIdentifier = xcode.lang.objc; };
		B1B8050F13936FBE00960283 /* PALMoreAppsController.h */ = {isa = PBXFileReference; fileEncoding = 4; lastKnownFileType = sourcecode.c.h; path = PALMoreAppsController.h; sourceTree = "<group>"; };
		B1B8051013936FBE00960283 /* PALMoreAppsController.m */ = {isa = PBXFileReference; fileEncoding = 4; lastKnownFileType = sourcecode.c.objc; path = PALMoreAppsController.m; sourceTree = "<group>"; };
		B1B8051113936FBE00960283 /* PALMoreAppsTableCellView.h */ = {isa = PBXFileReference; fileEncoding = 4; lastKnownFileType = sourcecode.c.h; path = PALMoreAppsTableCellView.h; sourceTree = "<group>"; };
		B1B8051213936FBE00960283 /* PALMoreAppsTableCellView.m */ = {isa = PBXFileReference; fileEncoding = 4; lastKnownFileType = sourcecode.c.objc; lineEnding = 0; path = PALMoreAppsTableCellView.m; sourceTree = "<group>"; xcLanguageSpecificationIdentifier = xcode.lang.objc; };
		B1B8051313936FBE00960283 /* PALSendToController.h */ = {isa = PBXFileReference; fileEncoding = 4; lastKnownFileType = sourcecode.c.h; path = PALSendToController.h; sourceTree = "<group>"; };
		B1B8051413936FBE00960283 /* PALSendToController.m */ = {isa = PBXFileReference; fileEncoding = 4; lastKnownFileType = sourcecode.c.objc; lineEnding = 0; path = PALSendToController.m; sourceTree = "<group>"; xcLanguageSpecificationIdentifier = xcode.lang.objc; };
		B1B8051513936FBE00960283 /* PALSendToController.xib */ = {isa = PBXFileReference; fileEncoding = 4; lastKnownFileType = file.xib; path = PALSendToController.xib; sourceTree = "<group>"; };
		B1FB990210AAA32A00C56AE2 /* TestImage.png */ = {isa = PBXFileReference; lastKnownFileType = image.png; path = TestImage.png; sourceTree = "<group>"; };
/* End PBXFileReference section */

/* Begin PBXFrameworksBuildPhase section */
		1D60588F0D05DD3D006BFB54 /* Frameworks */ = {
			isa = PBXFrameworksBuildPhase;
			buildActionMask = 2147483647;
			files = (
				1D60589F0D05DD5A006BFB54 /* Foundation.framework in Frameworks */,
				1DF5F4E00D08C38300B7A737 /* UIKit.framework in Frameworks */,
				288765A50DF7441C002DB57D /* CoreGraphics.framework in Frameworks */,
			);
			runOnlyForDeploymentPostprocessing = 0;
		};
/* End PBXFrameworksBuildPhase section */

/* Begin PBXGroup section */
		080E96DDFE201D6D7F000001 /* TestApp */ = {
			isa = PBXGroup;
			children = (
				1D3623240D0F684500981E51 /* TestAppDelegate.h */,
				1D3623250D0F684500981E51 /* TestAppDelegate.m */,
				28D7ACF60DDB3853001CB0EB /* TestAppRootViewController.h */,
				28D7ACF70DDB3853001CB0EB /* TestAppRootViewController.m */,
			);
			name = TestApp;
			path = Classes;
			sourceTree = "<group>";
		};
		19C28FACFE9D520D11CA2CBB /* Products */ = {
			isa = PBXGroup;
			children = (
				1D6058910D05DD3D006BFB54 /* PhotoAppLinkTestApp.app */,
			);
			name = Products;
			sourceTree = "<group>";
		};
		29B97314FDCFA39411CA2CEA /* CustomTemplate */ = {
			isa = PBXGroup;
			children = (
				B1B8050113936FBE00960283 /* PhotoAppLink */,
				080E96DDFE201D6D7F000001 /* TestApp */,
				29B97317FDCFA39411CA2CEA /* Resources */,
				29B97315FDCFA39411CA2CEA /* Other Sources */,
				29B97323FDCFA39411CA2CEA /* Frameworks */,
				19C28FACFE9D520D11CA2CBB /* Products */,
			);
			name = CustomTemplate;
			sourceTree = "<group>";
		};
		29B97315FDCFA39411CA2CEA /* Other Sources */ = {
			isa = PBXGroup;
			children = (
				32CA4F630368D1EE00C91783 /* PhotoAppLinkTestApp_Prefix.pch */,
				29B97316FDCFA39411CA2CEA /* main.m */,
			);
			name = "Other Sources";
			sourceTree = "<group>";
		};
		29B97317FDCFA39411CA2CEA /* Resources */ = {
			isa = PBXGroup;
			children = (
				B1FB990210AAA32A00C56AE2 /* TestImage.png */,
				2899E5210DE3E06400AC0155 /* PhotoAppLinkTestAppViewController.xib */,
				28AD733E0D9D9553002E5188 /* MainWindow.xib */,
				8D1107310486CEB800E47090 /* PhotoAppLinkTestApp-Info.plist */,
			);
			name = Resources;
			sourceTree = "<group>";
		};
		29B97323FDCFA39411CA2CEA /* Frameworks */ = {
			isa = PBXGroup;
			children = (
				1DF5F4DF0D08C38300B7A737 /* UIKit.framework */,
				1D30AB110D05D00D00671497 /* Foundation.framework */,
				288765A40DF7441C002DB57D /* CoreGraphics.framework */,
			);
			name = Frameworks;
			sourceTree = "<group>";
		};
		B1B8050113936FBE00960283 /* PhotoAppLink */ = {
			isa = PBXGroup;
			children = (
				B1B8050213936FBE00960283 /* images */,
				B1B8050D13936FBE00960283 /* PALManager.h */,
				B1B8050E13936FBE00960283 /* PALManager.m */,
				B1B8050B13936FBE00960283 /* PALAppInfo.h */,
				B1B8050C13936FBE00960283 /* PALAppInfo.m */,
				B1B8051313936FBE00960283 /* PALSendToController.h */,
				B1B8051413936FBE00960283 /* PALSendToController.m */,
				B1B8051513936FBE00960283 /* PALSendToController.xib */,
				B1B8050F13936FBE00960283 /* PALMoreAppsController.h */,
				B1B8051013936FBE00960283 /* PALMoreAppsController.m */,
				B1B8051113936FBE00960283 /* PALMoreAppsTableCellView.h */,
				B1B8051213936FBE00960283 /* PALMoreAppsTableCellView.m */,
			);
			name = PhotoAppLink;
			path = ../PhotoAppLink;
			sourceTree = "<group>";
		};
		B1B8050213936FBE00960283 /* images */ = {
			isa = PBXGroup;
			children = (
				B1B8050913936FBE00960283 /* PAL_unknown_app_icon.png */,
				B1B8050A13936FBE00960283 /* PAL_unknown_app_icon@2x.png */,
				B1B8050313936FBE00960283 /* PAL_brushed_metal.png */,
				B1B8050413936FBE00960283 /* PAL_button_background.png */,
				B1B8050513936FBE00960283 /* PAL_scrollview_background.png */,
				B1B8050613936FBE00960283 /* PAL_scrollview_background@2x.png */,
				B1B8050713936FBE00960283 /* PAL_tablecell_background.png */,
				B1B8050813936FBE00960283 /* PAL_tableview_shadow.png */,
			);
			path = images;
			sourceTree = "<group>";
		};
/* End PBXGroup section */

/* Begin PBXNativeTarget section */
		1D6058900D05DD3D006BFB54 /* PhotoAppLinkTestApp */ = {
			isa = PBXNativeTarget;
			buildConfigurationList = 1D6058960D05DD3E006BFB54 /* Build configuration list for PBXNativeTarget "PhotoAppLinkTestApp" */;
			buildPhases = (
				1D60588D0D05DD3D006BFB54 /* Resources */,
				1D60588E0D05DD3D006BFB54 /* Sources */,
				1D60588F0D05DD3D006BFB54 /* Frameworks */,
			);
			buildRules = (
			);
			dependencies = (
			);
			name = PhotoAppLinkTestApp;
			productName = PhotoAppLinkTestApp;
			productReference = 1D6058910D05DD3D006BFB54 /* PhotoAppLinkTestApp.app */;
			productType = "com.apple.product-type.application";
		};
/* End PBXNativeTarget section */

/* Begin PBXProject section */
		29B97313FDCFA39411CA2CEA /* Project object */ = {
			isa = PBXProject;
			buildConfigurationList = C01FCF4E08A954540054247B /* Build configuration list for PBXProject "PhotoAppLinkTestApp" */;
			compatibilityVersion = "Xcode 3.1";
			developmentRegion = English;
			hasScannedForEncodings = 1;
			knownRegions = (
				English,
				Japanese,
				French,
				German,
			);
			mainGroup = 29B97314FDCFA39411CA2CEA /* CustomTemplate */;
			projectDirPath = "";
			projectRoot = "";
			targets = (
				1D6058900D05DD3D006BFB54 /* PhotoAppLinkTestApp */,
			);
		};
/* End PBXProject section */

/* Begin PBXResourcesBuildPhase section */
		1D60588D0D05DD3D006BFB54 /* Resources */ = {
			isa = PBXResourcesBuildPhase;
			buildActionMask = 2147483647;
			files = (
				28AD733F0D9D9553002E5188 /* MainWindow.xib in Resources */,
				2899E5220DE3E06400AC0155 /* PhotoAppLinkTestAppViewController.xib in Resources */,
				B1FB990310AAA32A00C56AE2 /* TestImage.png in Resources */,
				B1B8051613936FBE00960283 /* PAL_brushed_metal.png in Resources */,
				B1B8051713936FBE00960283 /* PAL_button_background.png in Resources */,
				B1B8051813936FBE00960283 /* PAL_scrollview_background.png in Resources */,
				B1B8051913936FBE00960283 /* PAL_scrollview_background@2x.png in Resources */,
				B1B8051A13936FBE00960283 /* PAL_tablecell_background.png in Resources */,
				B1B8051B13936FBE00960283 /* PAL_tableview_shadow.png in Resources */,
				B1B8051C13936FBE00960283 /* PAL_unknown_app_icon.png in Resources */,
				B1B8051D13936FBE00960283 /* PAL_unknown_app_icon@2x.png in Resources */,
				B1B8052313936FBE00960283 /* PALSendToController.xib in Resources */,
			);
			runOnlyForDeploymentPostprocessing = 0;
		};
/* End PBXResourcesBuildPhase section */

/* Begin PBXSourcesBuildPhase section */
		1D60588E0D05DD3D006BFB54 /* Sources */ = {
			isa = PBXSourcesBuildPhase;
			buildActionMask = 2147483647;
			files = (
				1D60589B0D05DD56006BFB54 /* main.m in Sources */,
				1D3623260D0F684500981E51 /* TestAppDelegate.m in Sources */,
				28D7ACF80DDB3853001CB0EB /* TestAppRootViewController.m in Sources */,
				B1B8051E13936FBE00960283 /* PALAppInfo.m in Sources */,
				B1B8051F13936FBE00960283 /* PALManager.m in Sources */,
				B1B8052013936FBE00960283 /* PALMoreAppsController.m in Sources */,
				B1B8052113936FBE00960283 /* PALMoreAppsTableCellView.m in Sources */,
				B1B8052213936FBE00960283 /* PALSendToController.m in Sources */,
			);
			runOnlyForDeploymentPostprocessing = 0;
		};
/* End PBXSourcesBuildPhase section */

/* Begin XCBuildConfiguration section */
		1D6058940D05DD3E006BFB54 /* Debug */ = {
			isa = XCBuildConfiguration;
			buildSettings = {
				ALWAYS_SEARCH_USER_PATHS = NO;
				COPY_PHASE_STRIP = NO;
				GCC_DYNAMIC_NO_PIC = NO;
				GCC_OPTIMIZATION_LEVEL = 0;
				GCC_PRECOMPILE_PREFIX_HEADER = YES;
				GCC_PREFIX_HEADER = PhotoAppLinkTestApp_Prefix.pch;
				INFOPLIST_FILE = "PhotoAppLinkTestApp-Info.plist";
				PRODUCT_NAME = PhotoAppLinkTestApp;
			};
			name = Debug;
		};
		1D6058950D05DD3E006BFB54 /* Release */ = {
			isa = XCBuildConfiguration;
			buildSettings = {
				ALWAYS_SEARCH_USER_PATHS = NO;
				COPY_PHASE_STRIP = YES;
				GCC_PRECOMPILE_PREFIX_HEADER = YES;
				GCC_PREFIX_HEADER = PhotoAppLinkTestApp_Prefix.pch;
				INFOPLIST_FILE = "PhotoAppLinkTestApp-Info.plist";
				PRODUCT_NAME = PhotoAppLinkTestApp;
			};
			name = Release;
		};
		C01FCF4F08A954540054247B /* Debug */ = {
			isa = XCBuildConfiguration;
			buildSettings = {
				ARCHS = "$(ARCHS_STANDARD_32_BIT)";
				"CODE_SIGN_IDENTITY[sdk=iphoneos*]" = "iPhone Developer";
				COMPRESS_PNG_FILES = NO;
				GCC_C_LANGUAGE_STANDARD = c99;
				GCC_PREPROCESSOR_DEFINITIONS = DEBUG;
				GCC_VERSION = com.apple.compilers.llvm.clang.1_0;
				GCC_WARN_ABOUT_RETURN_TYPE = YES;
				GCC_WARN_UNUSED_VARIABLE = YES;
				IPHONEOS_DEPLOYMENT_TARGET = 3.0;
				OTHER_CFLAGS = "-D__IPHONE_OS_VERSION_MIN_REQUIRED=30000";
				PREBINDING = NO;
				SDKROOT = iphoneos;
			};
			name = Debug;
		};
		C01FCF5008A954540054247B /* Release */ = {
			isa = XCBuildConfiguration;
			buildSettings = {
				ARCHS = "$(ARCHS_STANDARD_32_BIT)";
				"CODE_SIGN_IDENTITY[sdk=iphoneos*]" = "iPhone Developer";
				COMPRESS_PNG_FILES = NO;
				GCC_C_LANGUAGE_STANDARD = c99;
				GCC_VERSION = com.apple.compilers.llvm.clang.1_0;
				GCC_WARN_ABOUT_RETURN_TYPE = YES;
				GCC_WARN_UNUSED_VARIABLE = YES;
				IPHONEOS_DEPLOYMENT_TARGET = 3.0;
				OTHER_CFLAGS = "-D__IPHONE_OS_VERSION_MIN_REQUIRED=30000";
				PREBINDING = NO;
				SDKROOT = iphoneos;
			};
			name = Release;
		};
/* End XCBuildConfiguration section */

/* Begin XCConfigurationList section */
		1D6058960D05DD3E006BFB54 /* Build configuration list for PBXNativeTarget "PhotoAppLinkTestApp" */ = {
			isa = XCConfigurationList;
			buildConfigurations = (
				1D6058940D05DD3E006BFB54 /* Debug */,
				1D6058950D05DD3E006BFB54 /* Release */,
			);
			defaultConfigurationIsVisible = 0;
			defaultConfigurationName = Release;
		};
		C01FCF4E08A954540054247B /* Build configuration list for PBXProject "PhotoAppLinkTestApp" */ = {
			isa = XCConfigurationList;
			buildConfigurations = (
				C01FCF4F08A954540054247B /* Debug */,
				C01FCF5008A954540054247B /* Release */,
			);
			defaultConfigurationIsVisible = 0;
			defaultConfigurationName = Release;
		};
/* End XCConfigurationList section */
	};
	rootObject = 29B97313FDCFA39411CA2CEA /* Project object */;
}
